// !$*UTF8*$!
{
	archiveVersion = 1;
	classes = {
	};
	objectVersion = 51;
	objects = {

/* Begin PBXBuildFile section */
		4A3C23ECF10C125934BB6FF8 /* Pods_RxRoverTests.framework in Frameworks */ = {isa = PBXBuildFile; fileRef = 7F924A062ACC87DA98CBA687 /* Pods_RxRoverTests.framework */; };
		67AFE995A5C78CA5AC6ECBB5 /* Pods_RxRover.framework in Frameworks */ = {isa = PBXBuildFile; fileRef = 489246C6110D30E78A51A9A3 /* Pods_RxRover.framework */; };
		F3206B7725ED31270051C31F /* UIView+AutoLayout.swift in Sources */ = {isa = PBXBuildFile; fileRef = F3206B7625ED31270051C31F /* UIView+AutoLayout.swift */; };
		F3206B7C25ED31940051C31F /* UIImage+Color.swift in Sources */ = {isa = PBXBuildFile; fileRef = F3206B7B25ED31940051C31F /* UIImage+Color.swift */; };
		F339F67725EAC2C400BE0DD5 /* PhotoViewController.swift in Sources */ = {isa = PBXBuildFile; fileRef = F339F67625EAC2C400BE0DD5 /* PhotoViewController.swift */; };
		F339F68225EAC4A400BE0DD5 /* FavsNavigtionConnector.swift in Sources */ = {isa = PBXBuildFile; fileRef = F339F68125EAC4A400BE0DD5 /* FavsNavigtionConnector.swift */; };
		F339F68A25EAC4D500BE0DD5 /* FavsViewController.swift in Sources */ = {isa = PBXBuildFile; fileRef = F339F68925EAC4D500BE0DD5 /* FavsViewController.swift */; };
		F339F69225EAC53C00BE0DD5 /* FavsConnector.swift in Sources */ = {isa = PBXBuildFile; fileRef = F339F69125EAC53C00BE0DD5 /* FavsConnector.swift */; };
		F339F69725EAC55000BE0DD5 /* PhotoConnector.swift in Sources */ = {isa = PBXBuildFile; fileRef = F339F69625EAC55000BE0DD5 /* PhotoConnector.swift */; };
		F339F69D25EAC5D900BE0DD5 /* RoversViewController.swift in Sources */ = {isa = PBXBuildFile; fileRef = F339F69C25EAC5D900BE0DD5 /* RoversViewController.swift */; };
		F339F6A525EAC60500BE0DD5 /* RoversConnector.swift in Sources */ = {isa = PBXBuildFile; fileRef = F339F6A425EAC60500BE0DD5 /* RoversConnector.swift */; };
		F392AA6025EAC159000BAA5D /* PhotosNavigationConnector.swift in Sources */ = {isa = PBXBuildFile; fileRef = F392AA5F25EAC159000BAA5D /* PhotosNavigationConnector.swift */; };
		F392AA6825EAC215000BAA5D /* PhotosViewController.swift in Sources */ = {isa = PBXBuildFile; fileRef = F392AA6725EAC215000BAA5D /* PhotosViewController.swift */; };
		F392AA7025EAC25F000BAA5D /* PhotosConnector.swift in Sources */ = {isa = PBXBuildFile; fileRef = F392AA6F25EAC25F000BAA5D /* PhotosConnector.swift */; };
		F3C7076D25ECED540012D484 /* EndPoint.swift in Sources */ = {isa = PBXBuildFile; fileRef = F3C7076C25ECED540012D484 /* EndPoint.swift */; };
		F3C7077225ECEE7B0012D484 /* NetworkUtils.swift in Sources */ = {isa = PBXBuildFile; fileRef = F3C7077125ECEE7B0012D484 /* NetworkUtils.swift */; };
		F3C7077D25ECEF2D0012D484 /* URLComponents+QueryItems.swift in Sources */ = {isa = PBXBuildFile; fileRef = F3C7077C25ECEF2D0012D484 /* URLComponents+QueryItems.swift */; };
		F3C7078625ECF3680012D484 /* NetworkRequests.swift in Sources */ = {isa = PBXBuildFile; fileRef = F3C7078525ECF3680012D484 /* NetworkRequests.swift */; };
		F3C7078E25ECF42E0012D484 /* Photo.swift in Sources */ = {isa = PBXBuildFile; fileRef = F3C7078D25ECF42E0012D484 /* Photo.swift */; };
		F3C7079325ECF4370012D484 /* Camera.swift in Sources */ = {isa = PBXBuildFile; fileRef = F3C7079225ECF4370012D484 /* Camera.swift */; };
		F3C7079825ECF43E0012D484 /* Rover.swift in Sources */ = {isa = PBXBuildFile; fileRef = F3C7079725ECF43E0012D484 /* Rover.swift */; };
		F3C707AA25ED0C3B0012D484 /* PhotosCell.swift in Sources */ = {isa = PBXBuildFile; fileRef = F3C707A925ED0C3B0012D484 /* PhotosCell.swift */; };
		F3C707B225ED0D4A0012D484 /* ReuseableView.swift in Sources */ = {isa = PBXBuildFile; fileRef = F3C707B125ED0D4A0012D484 /* ReuseableView.swift */; };
		F3C707BE25ED1A760012D484 /* TabsConnector.swift in Sources */ = {isa = PBXBuildFile; fileRef = F3C707BD25ED1A760012D484 /* TabsConnector.swift */; };
		F3C707C625ED1AD80012D484 /* UITabBarItem+Chunky.swift in Sources */ = {isa = PBXBuildFile; fileRef = F3C707C525ED1AD80012D484 /* UITabBarItem+Chunky.swift */; };
		F3C707CB25ED1C8B0012D484 /* CustomGridLayout.swift in Sources */ = {isa = PBXBuildFile; fileRef = F3C707CA25ED1C8B0012D484 /* CustomGridLayout.swift */; };
		F3F5584B25E9781800256AA6 /* AppDelegate.swift in Sources */ = {isa = PBXBuildFile; fileRef = F3F5584A25E9781800256AA6 /* AppDelegate.swift */; };
		F3F5584D25E9781800256AA6 /* SceneDelegate.swift in Sources */ = {isa = PBXBuildFile; fileRef = F3F5584C25E9781800256AA6 /* SceneDelegate.swift */; };
		F3F5585525E9781800256AA6 /* RxRover.xcdatamodeld in Sources */ = {isa = PBXBuildFile; fileRef = F3F5585325E9781800256AA6 /* RxRover.xcdatamodeld */; };
		F3F5585725E9781A00256AA6 /* Assets.xcassets in Resources */ = {isa = PBXBuildFile; fileRef = F3F5585625E9781A00256AA6 /* Assets.xcassets */; };
		F3F5585A25E9781A00256AA6 /* LaunchScreen.storyboard in Resources */ = {isa = PBXBuildFile; fileRef = F3F5585825E9781A00256AA6 /* LaunchScreen.storyboard */; };
		F3F5586525E9781A00256AA6 /* RxRoverTests.swift in Sources */ = {isa = PBXBuildFile; fileRef = F3F5586425E9781A00256AA6 /* RxRoverTests.swift */; };
		F3F5587025E9781A00256AA6 /* RxRoverUITests.swift in Sources */ = {isa = PBXBuildFile; fileRef = F3F5586F25E9781A00256AA6 /* RxRoverUITests.swift */; };
/* End PBXBuildFile section */

/* Begin PBXContainerItemProxy section */
		F3F5586125E9781A00256AA6 /* PBXContainerItemProxy */ = {
			isa = PBXContainerItemProxy;
			containerPortal = F3F5583F25E9781800256AA6 /* Project object */;
			proxyType = 1;
			remoteGlobalIDString = F3F5584625E9781800256AA6;
			remoteInfo = RxRover;
		};
		F3F5586C25E9781A00256AA6 /* PBXContainerItemProxy */ = {
			isa = PBXContainerItemProxy;
			containerPortal = F3F5583F25E9781800256AA6 /* Project object */;
			proxyType = 1;
			remoteGlobalIDString = F3F5584625E9781800256AA6;
			remoteInfo = RxRover;
		};
/* End PBXContainerItemProxy section */

/* Begin PBXFileReference section */
		0CC08E32F568D712D105EE43 /* Pods-RxRover.debug.xcconfig */ = {isa = PBXFileReference; includeInIndex = 1; lastKnownFileType = text.xcconfig; name = "Pods-RxRover.debug.xcconfig"; path = "Target Support Files/Pods-RxRover/Pods-RxRover.debug.xcconfig"; sourceTree = "<group>"; };
		27E22C8218D314E0B8BB61D0 /* Pods-RxRoverTests.release.xcconfig */ = {isa = PBXFileReference; includeInIndex = 1; lastKnownFileType = text.xcconfig; name = "Pods-RxRoverTests.release.xcconfig"; path = "Target Support Files/Pods-RxRoverTests/Pods-RxRoverTests.release.xcconfig"; sourceTree = "<group>"; };
		489246C6110D30E78A51A9A3 /* Pods_RxRover.framework */ = {isa = PBXFileReference; explicitFileType = wrapper.framework; includeInIndex = 0; path = Pods_RxRover.framework; sourceTree = BUILT_PRODUCTS_DIR; };
		7F924A062ACC87DA98CBA687 /* Pods_RxRoverTests.framework */ = {isa = PBXFileReference; explicitFileType = wrapper.framework; includeInIndex = 0; path = Pods_RxRoverTests.framework; sourceTree = BUILT_PRODUCTS_DIR; };
		EFF0EEB227FF0529B8EFEB42 /* Pods-RxRover.release.xcconfig */ = {isa = PBXFileReference; includeInIndex = 1; lastKnownFileType = text.xcconfig; name = "Pods-RxRover.release.xcconfig"; path = "Target Support Files/Pods-RxRover/Pods-RxRover.release.xcconfig"; sourceTree = "<group>"; };
		F3206B7625ED31270051C31F /* UIView+AutoLayout.swift */ = {isa = PBXFileReference; lastKnownFileType = sourcecode.swift; path = "UIView+AutoLayout.swift"; sourceTree = "<group>"; };
		F3206B7B25ED31940051C31F /* UIImage+Color.swift */ = {isa = PBXFileReference; lastKnownFileType = sourcecode.swift; path = "UIImage+Color.swift"; sourceTree = "<group>"; };
		F339F67625EAC2C400BE0DD5 /* PhotoViewController.swift */ = {isa = PBXFileReference; lastKnownFileType = sourcecode.swift; path = PhotoViewController.swift; sourceTree = "<group>"; };
		F339F68125EAC4A400BE0DD5 /* FavsNavigtionConnector.swift */ = {isa = PBXFileReference; lastKnownFileType = sourcecode.swift; path = FavsNavigtionConnector.swift; sourceTree = "<group>"; };
		F339F68925EAC4D500BE0DD5 /* FavsViewController.swift */ = {isa = PBXFileReference; lastKnownFileType = sourcecode.swift; path = FavsViewController.swift; sourceTree = "<group>"; };
		F339F69125EAC53C00BE0DD5 /* FavsConnector.swift */ = {isa = PBXFileReference; lastKnownFileType = sourcecode.swift; path = FavsConnector.swift; sourceTree = "<group>"; };
		F339F69625EAC55000BE0DD5 /* PhotoConnector.swift */ = {isa = PBXFileReference; lastKnownFileType = sourcecode.swift; path = PhotoConnector.swift; sourceTree = "<group>"; };
		F339F69C25EAC5D900BE0DD5 /* RoversViewController.swift */ = {isa = PBXFileReference; lastKnownFileType = sourcecode.swift; path = RoversViewController.swift; sourceTree = "<group>"; };
		F339F6A425EAC60500BE0DD5 /* RoversConnector.swift */ = {isa = PBXFileReference; lastKnownFileType = sourcecode.swift; path = RoversConnector.swift; sourceTree = "<group>"; };
		F392AA5F25EAC159000BAA5D /* PhotosNavigationConnector.swift */ = {isa = PBXFileReference; lastKnownFileType = sourcecode.swift; path = PhotosNavigationConnector.swift; sourceTree = "<group>"; };
		F392AA6725EAC215000BAA5D /* PhotosViewController.swift */ = {isa = PBXFileReference; lastKnownFileType = sourcecode.swift; path = PhotosViewController.swift; sourceTree = "<group>"; };
		F392AA6F25EAC25F000BAA5D /* PhotosConnector.swift */ = {isa = PBXFileReference; lastKnownFileType = sourcecode.swift; path = PhotosConnector.swift; sourceTree = "<group>"; };
		F3C7076C25ECED540012D484 /* EndPoint.swift */ = {isa = PBXFileReference; lastKnownFileType = sourcecode.swift; path = EndPoint.swift; sourceTree = "<group>"; };
		F3C7077125ECEE7B0012D484 /* NetworkUtils.swift */ = {isa = PBXFileReference; lastKnownFileType = sourcecode.swift; path = NetworkUtils.swift; sourceTree = "<group>"; };
		F3C7077C25ECEF2D0012D484 /* URLComponents+QueryItems.swift */ = {isa = PBXFileReference; lastKnownFileType = sourcecode.swift; path = "URLComponents+QueryItems.swift"; sourceTree = "<group>"; };
		F3C7078525ECF3680012D484 /* NetworkRequests.swift */ = {isa = PBXFileReference; lastKnownFileType = sourcecode.swift; path = NetworkRequests.swift; sourceTree = "<group>"; };
		F3C7078D25ECF42E0012D484 /* Photo.swift */ = {isa = PBXFileReference; lastKnownFileType = sourcecode.swift; path = Photo.swift; sourceTree = "<group>"; };
		F3C7079225ECF4370012D484 /* Camera.swift */ = {isa = PBXFileReference; lastKnownFileType = sourcecode.swift; path = Camera.swift; sourceTree = "<group>"; };
		F3C7079725ECF43E0012D484 /* Rover.swift */ = {isa = PBXFileReference; lastKnownFileType = sourcecode.swift; path = Rover.swift; sourceTree = "<group>"; };
		F3C707A925ED0C3B0012D484 /* PhotosCell.swift */ = {isa = PBXFileReference; lastKnownFileType = sourcecode.swift; path = PhotosCell.swift; sourceTree = "<group>"; };
		F3C707B125ED0D4A0012D484 /* ReuseableView.swift */ = {isa = PBXFileReference; lastKnownFileType = sourcecode.swift; path = ReuseableView.swift; sourceTree = "<group>"; };
		F3C707BD25ED1A760012D484 /* TabsConnector.swift */ = {isa = PBXFileReference; lastKnownFileType = sourcecode.swift; path = TabsConnector.swift; sourceTree = "<group>"; };
		F3C707C525ED1AD80012D484 /* UITabBarItem+Chunky.swift */ = {isa = PBXFileReference; lastKnownFileType = sourcecode.swift; path = "UITabBarItem+Chunky.swift"; sourceTree = "<group>"; };
		F3C707CA25ED1C8B0012D484 /* CustomGridLayout.swift */ = {isa = PBXFileReference; lastKnownFileType = sourcecode.swift; path = CustomGridLayout.swift; sourceTree = "<group>"; };
		F3F5584725E9781800256AA6 /* RxRover.app */ = {isa = PBXFileReference; explicitFileType = wrapper.application; includeInIndex = 0; path = RxRover.app; sourceTree = BUILT_PRODUCTS_DIR; };
		F3F5584A25E9781800256AA6 /* AppDelegate.swift */ = {isa = PBXFileReference; lastKnownFileType = sourcecode.swift; path = AppDelegate.swift; sourceTree = "<group>"; };
		F3F5584C25E9781800256AA6 /* SceneDelegate.swift */ = {isa = PBXFileReference; lastKnownFileType = sourcecode.swift; path = SceneDelegate.swift; sourceTree = "<group>"; };
		F3F5585425E9781800256AA6 /* RxRover.xcdatamodel */ = {isa = PBXFileReference; lastKnownFileType = wrapper.xcdatamodel; path = RxRover.xcdatamodel; sourceTree = "<group>"; };
		F3F5585625E9781A00256AA6 /* Assets.xcassets */ = {isa = PBXFileReference; lastKnownFileType = folder.assetcatalog; path = Assets.xcassets; sourceTree = "<group>"; };
		F3F5585925E9781A00256AA6 /* Base */ = {isa = PBXFileReference; lastKnownFileType = file.storyboard; name = Base; path = Base.lproj/LaunchScreen.storyboard; sourceTree = "<group>"; };
		F3F5585B25E9781A00256AA6 /* Info.plist */ = {isa = PBXFileReference; lastKnownFileType = text.plist.xml; path = Info.plist; sourceTree = "<group>"; };
		F3F5586025E9781A00256AA6 /* RxRoverTests.xctest */ = {isa = PBXFileReference; explicitFileType = wrapper.cfbundle; includeInIndex = 0; path = RxRoverTests.xctest; sourceTree = BUILT_PRODUCTS_DIR; };
		F3F5586425E9781A00256AA6 /* RxRoverTests.swift */ = {isa = PBXFileReference; lastKnownFileType = sourcecode.swift; path = RxRoverTests.swift; sourceTree = "<group>"; };
		F3F5586625E9781A00256AA6 /* Info.plist */ = {isa = PBXFileReference; lastKnownFileType = text.plist.xml; path = Info.plist; sourceTree = "<group>"; };
		F3F5586B25E9781A00256AA6 /* RxRoverUITests.xctest */ = {isa = PBXFileReference; explicitFileType = wrapper.cfbundle; includeInIndex = 0; path = RxRoverUITests.xctest; sourceTree = BUILT_PRODUCTS_DIR; };
		F3F5586F25E9781A00256AA6 /* RxRoverUITests.swift */ = {isa = PBXFileReference; lastKnownFileType = sourcecode.swift; path = RxRoverUITests.swift; sourceTree = "<group>"; };
		F3F5587125E9781A00256AA6 /* Info.plist */ = {isa = PBXFileReference; lastKnownFileType = text.plist.xml; path = Info.plist; sourceTree = "<group>"; };
		FAE931DEEE5295270975E11F /* Pods-RxRoverTests.debug.xcconfig */ = {isa = PBXFileReference; includeInIndex = 1; lastKnownFileType = text.xcconfig; name = "Pods-RxRoverTests.debug.xcconfig"; path = "Target Support Files/Pods-RxRoverTests/Pods-RxRoverTests.debug.xcconfig"; sourceTree = "<group>"; };
/* End PBXFileReference section */

/* Begin PBXFrameworksBuildPhase section */
		F3F5584425E9781800256AA6 /* Frameworks */ = {
			isa = PBXFrameworksBuildPhase;
			buildActionMask = 2147483647;
			files = (
				67AFE995A5C78CA5AC6ECBB5 /* Pods_RxRover.framework in Frameworks */,
			);
			runOnlyForDeploymentPostprocessing = 0;
		};
		F3F5585D25E9781A00256AA6 /* Frameworks */ = {
			isa = PBXFrameworksBuildPhase;
			buildActionMask = 2147483647;
			files = (
				4A3C23ECF10C125934BB6FF8 /* Pods_RxRoverTests.framework in Frameworks */,
			);
			runOnlyForDeploymentPostprocessing = 0;
		};
		F3F5586825E9781A00256AA6 /* Frameworks */ = {
			isa = PBXFrameworksBuildPhase;
			buildActionMask = 2147483647;
			files = (
			);
			runOnlyForDeploymentPostprocessing = 0;
		};
/* End PBXFrameworksBuildPhase section */

/* Begin PBXGroup section */
		6E74C207B955DA92F3DD72E9 /* Pods */ = {
			isa = PBXGroup;
			children = (
				0CC08E32F568D712D105EE43 /* Pods-RxRover.debug.xcconfig */,
				EFF0EEB227FF0529B8EFEB42 /* Pods-RxRover.release.xcconfig */,
				FAE931DEEE5295270975E11F /* Pods-RxRoverTests.debug.xcconfig */,
				27E22C8218D314E0B8BB61D0 /* Pods-RxRoverTests.release.xcconfig */,
			);
			path = Pods;
			sourceTree = "<group>";
		};
		A3E18DDF8DD49D445B6630A2 /* Frameworks */ = {
			isa = PBXGroup;
			children = (
				489246C6110D30E78A51A9A3 /* Pods_RxRover.framework */,
				7F924A062ACC87DA98CBA687 /* Pods_RxRoverTests.framework */,
			);
			name = Frameworks;
			sourceTree = "<group>";
		};
		F339F69B25EAC5BF00BE0DD5 /* Rovers */ = {
			isa = PBXGroup;
			children = (
				F339F69C25EAC5D900BE0DD5 /* RoversViewController.swift */,
				F339F6A425EAC60500BE0DD5 /* RoversConnector.swift */,
			);
			path = Rovers;
			sourceTree = "<group>";
		};
		F392AA4225E97C4E000BAA5D /* Scenes */ = {
			isa = PBXGroup;
			children = (
				F3C707BC25ED1A670012D484 /* Tabs */,
				F392AA5A25EABFF6000BAA5D /* Photos */,
				F392AA5B25EAC024000BAA5D /* Favs */,
				F339F69B25EAC5BF00BE0DD5 /* Rovers */,
			);
			path = Scenes;
			sourceTree = "<group>";
		};
		F392AA4325E97C56000BAA5D /* Shared */ = {
			isa = PBXGroup;
			children = (
				F3C7076B25ECED220012D484 /* Network */,
				F3C7078425ECEFA20012D484 /* Models */,
				F3C707A025ECFC3F0012D484 /* Extensions */,
				F392AA4825E97CBE000BAA5D /* CoreData */,
			);
			path = Shared;
			sourceTree = "<group>";
		};
		F392AA4425E97C61000BAA5D /* Resources */ = {
			isa = PBXGroup;
			children = (
				F3F5585B25E9781A00256AA6 /* Info.plist */,
				F3F5585625E9781A00256AA6 /* Assets.xcassets */,
				F3F5585825E9781A00256AA6 /* LaunchScreen.storyboard */,
			);
			path = Resources;
			sourceTree = "<group>";
		};
		F392AA4825E97CBE000BAA5D /* CoreData */ = {
			isa = PBXGroup;
			children = (
				F3F5585325E9781800256AA6 /* RxRover.xcdatamodeld */,
			);
			path = CoreData;
			sourceTree = "<group>";
		};
		F392AA5A25EABFF6000BAA5D /* Photos */ = {
			isa = PBXGroup;
			children = (
				F392AA5F25EAC159000BAA5D /* PhotosNavigationConnector.swift */,
				F392AA5C25EAC03E000BAA5D /* Photos */,
				F392AA5D25EAC048000BAA5D /* Photo */,
			);
			path = Photos;
			sourceTree = "<group>";
		};
		F392AA5B25EAC024000BAA5D /* Favs */ = {
			isa = PBXGroup;
			children = (
				F339F68125EAC4A400BE0DD5 /* FavsNavigtionConnector.swift */,
				F392AA5E25EAC0D9000BAA5D /* Favs */,
			);
			path = Favs;
			sourceTree = "<group>";
		};
		F392AA5C25EAC03E000BAA5D /* Photos */ = {
			isa = PBXGroup;
			children = (
				F392AA6F25EAC25F000BAA5D /* PhotosConnector.swift */,
				F392AA6725EAC215000BAA5D /* PhotosViewController.swift */,
				F3C707A925ED0C3B0012D484 /* PhotosCell.swift */,
				F3C707CA25ED1C8B0012D484 /* CustomGridLayout.swift */,
			);
			path = Photos;
			sourceTree = "<group>";
		};
		F392AA5D25EAC048000BAA5D /* Photo */ = {
			isa = PBXGroup;
			children = (
				F339F67625EAC2C400BE0DD5 /* PhotoViewController.swift */,
				F339F69625EAC55000BE0DD5 /* PhotoConnector.swift */,
			);
			path = Photo;
			sourceTree = "<group>";
		};
		F392AA5E25EAC0D9000BAA5D /* Favs */ = {
			isa = PBXGroup;
			children = (
				F339F68925EAC4D500BE0DD5 /* FavsViewController.swift */,
				F339F69125EAC53C00BE0DD5 /* FavsConnector.swift */,
			);
			path = Favs;
			sourceTree = "<group>";
		};
		F3C7076B25ECED220012D484 /* Network */ = {
			isa = PBXGroup;
			children = (
				F3C7076C25ECED540012D484 /* EndPoint.swift */,
				F3C7077125ECEE7B0012D484 /* NetworkUtils.swift */,
				F3C7078525ECF3680012D484 /* NetworkRequests.swift */,
				F3C7077C25ECEF2D0012D484 /* URLComponents+QueryItems.swift */,
			);
			path = Network;
			sourceTree = "<group>";
		};
		F3C7078425ECEFA20012D484 /* Models */ = {
			isa = PBXGroup;
			children = (
				F3C7078D25ECF42E0012D484 /* Photo.swift */,
				F3C7079225ECF4370012D484 /* Camera.swift */,
				F3C7079725ECF43E0012D484 /* Rover.swift */,
			);
			path = Models;
			sourceTree = "<group>";
		};
		F3C707A025ECFC3F0012D484 /* Extensions */ = {
			isa = PBXGroup;
			children = (
				F3C707B125ED0D4A0012D484 /* ReuseableView.swift */,
				F3C707C525ED1AD80012D484 /* UITabBarItem+Chunky.swift */,
				F3206B7625ED31270051C31F /* UIView+AutoLayout.swift */,
				F3206B7B25ED31940051C31F /* UIImage+Color.swift */,
			);
			path = Extensions;
			sourceTree = "<group>";
		};
		F3C707BC25ED1A670012D484 /* Tabs */ = {
			isa = PBXGroup;
			children = (
				F3C707BD25ED1A760012D484 /* TabsConnector.swift */,
			);
			path = Tabs;
			sourceTree = "<group>";
		};
		F3F5583E25E9781800256AA6 = {
			isa = PBXGroup;
			children = (
				F3F5584925E9781800256AA6 /* RxRover */,
				F3F5586325E9781A00256AA6 /* RxRoverTests */,
				F3F5586E25E9781A00256AA6 /* RxRoverUITests */,
				F3F5584825E9781800256AA6 /* Products */,
				6E74C207B955DA92F3DD72E9 /* Pods */,
				A3E18DDF8DD49D445B6630A2 /* Frameworks */,
			);
			sourceTree = "<group>";
		};
		F3F5584825E9781800256AA6 /* Products */ = {
			isa = PBXGroup;
			children = (
				F3F5584725E9781800256AA6 /* RxRover.app */,
				F3F5586025E9781A00256AA6 /* RxRoverTests.xctest */,
				F3F5586B25E9781A00256AA6 /* RxRoverUITests.xctest */,
			);
			name = Products;
			sourceTree = "<group>";
		};
		F3F5584925E9781800256AA6 /* RxRover */ = {
			isa = PBXGroup;
			children = (
				F3F5584A25E9781800256AA6 /* AppDelegate.swift */,
				F3F5584C25E9781800256AA6 /* SceneDelegate.swift */,
				F392AA4225E97C4E000BAA5D /* Scenes */,
				F392AA4325E97C56000BAA5D /* Shared */,
				F392AA4425E97C61000BAA5D /* Resources */,
			);
			path = RxRover;
			sourceTree = "<group>";
		};
		F3F5586325E9781A00256AA6 /* RxRoverTests */ = {
			isa = PBXGroup;
			children = (
				F3F5586425E9781A00256AA6 /* RxRoverTests.swift */,
				F3F5586625E9781A00256AA6 /* Info.plist */,
			);
			path = RxRoverTests;
			sourceTree = "<group>";
		};
		F3F5586E25E9781A00256AA6 /* RxRoverUITests */ = {
			isa = PBXGroup;
			children = (
				F3F5586F25E9781A00256AA6 /* RxRoverUITests.swift */,
				F3F5587125E9781A00256AA6 /* Info.plist */,
			);
			path = RxRoverUITests;
			sourceTree = "<group>";
		};
/* End PBXGroup section */

/* Begin PBXNativeTarget section */
		F3F5584625E9781800256AA6 /* RxRover */ = {
			isa = PBXNativeTarget;
			buildConfigurationList = F3F5587425E9781A00256AA6 /* Build configuration list for PBXNativeTarget "RxRover" */;
			buildPhases = (
				4799A68FB1DE12F42B582481 /* [CP] Check Pods Manifest.lock */,
				F3F5584325E9781800256AA6 /* Sources */,
				F3F5584425E9781800256AA6 /* Frameworks */,
				F3F5584525E9781800256AA6 /* Resources */,
				7F2F674246B382C45F62FBBB /* [CP] Embed Pods Frameworks */,
			);
			buildRules = (
			);
			dependencies = (
			);
			name = RxRover;
			productName = RxRover;
			productReference = F3F5584725E9781800256AA6 /* RxRover.app */;
			productType = "com.apple.product-type.application";
		};
		F3F5585F25E9781A00256AA6 /* RxRoverTests */ = {
			isa = PBXNativeTarget;
			buildConfigurationList = F3F5587725E9781A00256AA6 /* Build configuration list for PBXNativeTarget "RxRoverTests" */;
			buildPhases = (
				69A9E96B8BEBB51419EB2529 /* [CP] Check Pods Manifest.lock */,
				F3F5585C25E9781A00256AA6 /* Sources */,
				F3F5585D25E9781A00256AA6 /* Frameworks */,
				F3F5585E25E9781A00256AA6 /* Resources */,
				B66E1D8C1C3CD421B6120605 /* [CP] Embed Pods Frameworks */,
			);
			buildRules = (
			);
			dependencies = (
				F3F5586225E9781A00256AA6 /* PBXTargetDependency */,
			);
			name = RxRoverTests;
			productName = RxRoverTests;
			productReference = F3F5586025E9781A00256AA6 /* RxRoverTests.xctest */;
			productType = "com.apple.product-type.bundle.unit-test";
		};
		F3F5586A25E9781A00256AA6 /* RxRoverUITests */ = {
			isa = PBXNativeTarget;
			buildConfigurationList = F3F5587A25E9781A00256AA6 /* Build configuration list for PBXNativeTarget "RxRoverUITests" */;
			buildPhases = (
				F3F5586725E9781A00256AA6 /* Sources */,
				F3F5586825E9781A00256AA6 /* Frameworks */,
				F3F5586925E9781A00256AA6 /* Resources */,
			);
			buildRules = (
			);
			dependencies = (
				F3F5586D25E9781A00256AA6 /* PBXTargetDependency */,
			);
			name = RxRoverUITests;
			productName = RxRoverUITests;
			productReference = F3F5586B25E9781A00256AA6 /* RxRoverUITests.xctest */;
			productType = "com.apple.product-type.bundle.ui-testing";
		};
/* End PBXNativeTarget section */

/* Begin PBXProject section */
		F3F5583F25E9781800256AA6 /* Project object */ = {
			isa = PBXProject;
			attributes = {
				LastSwiftUpdateCheck = 1240;
				LastUpgradeCheck = 1240;
				TargetAttributes = {
					F3F5584625E9781800256AA6 = {
						CreatedOnToolsVersion = 12.4;
					};
					F3F5585F25E9781A00256AA6 = {
						CreatedOnToolsVersion = 12.4;
						TestTargetID = F3F5584625E9781800256AA6;
					};
					F3F5586A25E9781A00256AA6 = {
						CreatedOnToolsVersion = 12.4;
						TestTargetID = F3F5584625E9781800256AA6;
					};
				};
			};
			buildConfigurationList = F3F5584225E9781800256AA6 /* Build configuration list for PBXProject "RxRover" */;
			compatibilityVersion = "Xcode 9.3";
			developmentRegion = en;
			hasScannedForEncodings = 0;
			knownRegions = (
				en,
				Base,
			);
			mainGroup = F3F5583E25E9781800256AA6;
			productRefGroup = F3F5584825E9781800256AA6 /* Products */;
			projectDirPath = "";
			projectRoot = "";
			targets = (
				F3F5584625E9781800256AA6 /* RxRover */,
				F3F5585F25E9781A00256AA6 /* RxRoverTests */,
				F3F5586A25E9781A00256AA6 /* RxRoverUITests */,
			);
		};
/* End PBXProject section */

/* Begin PBXResourcesBuildPhase section */
		F3F5584525E9781800256AA6 /* Resources */ = {
			isa = PBXResourcesBuildPhase;
			buildActionMask = 2147483647;
			files = (
				F3F5585A25E9781A00256AA6 /* LaunchScreen.storyboard in Resources */,
				F3F5585725E9781A00256AA6 /* Assets.xcassets in Resources */,
			);
			runOnlyForDeploymentPostprocessing = 0;
		};
		F3F5585E25E9781A00256AA6 /* Resources */ = {
			isa = PBXResourcesBuildPhase;
			buildActionMask = 2147483647;
			files = (
			);
			runOnlyForDeploymentPostprocessing = 0;
		};
		F3F5586925E9781A00256AA6 /* Resources */ = {
			isa = PBXResourcesBuildPhase;
			buildActionMask = 2147483647;
			files = (
			);
			runOnlyForDeploymentPostprocessing = 0;
		};
/* End PBXResourcesBuildPhase section */

/* Begin PBXShellScriptBuildPhase section */
		4799A68FB1DE12F42B582481 /* [CP] Check Pods Manifest.lock */ = {
			isa = PBXShellScriptBuildPhase;
			buildActionMask = 2147483647;
			files = (
			);
			inputFileListPaths = (
			);
			inputPaths = (
				"${PODS_PODFILE_DIR_PATH}/Podfile.lock",
				"${PODS_ROOT}/Manifest.lock",
			);
			name = "[CP] Check Pods Manifest.lock";
			outputFileListPaths = (
			);
			outputPaths = (
				"$(DERIVED_FILE_DIR)/Pods-RxRover-checkManifestLockResult.txt",
			);
			runOnlyForDeploymentPostprocessing = 0;
			shellPath = /bin/sh;
			shellScript = "diff \"${PODS_PODFILE_DIR_PATH}/Podfile.lock\" \"${PODS_ROOT}/Manifest.lock\" > /dev/null\nif [ $? != 0 ] ; then\n    # print error to STDERR\n    echo \"error: The sandbox is not in sync with the Podfile.lock. Run 'pod install' or update your CocoaPods installation.\" >&2\n    exit 1\nfi\n# This output is used by Xcode 'outputs' to avoid re-running this script phase.\necho \"SUCCESS\" > \"${SCRIPT_OUTPUT_FILE_0}\"\n";
			showEnvVarsInLog = 0;
		};
		69A9E96B8BEBB51419EB2529 /* [CP] Check Pods Manifest.lock */ = {
			isa = PBXShellScriptBuildPhase;
			buildActionMask = 2147483647;
			files = (
			);
			inputFileListPaths = (
			);
			inputPaths = (
				"${PODS_PODFILE_DIR_PATH}/Podfile.lock",
				"${PODS_ROOT}/Manifest.lock",
			);
			name = "[CP] Check Pods Manifest.lock";
			outputFileListPaths = (
			);
			outputPaths = (
				"$(DERIVED_FILE_DIR)/Pods-RxRoverTests-checkManifestLockResult.txt",
			);
			runOnlyForDeploymentPostprocessing = 0;
			shellPath = /bin/sh;
			shellScript = "diff \"${PODS_PODFILE_DIR_PATH}/Podfile.lock\" \"${PODS_ROOT}/Manifest.lock\" > /dev/null\nif [ $? != 0 ] ; then\n    # print error to STDERR\n    echo \"error: The sandbox is not in sync with the Podfile.lock. Run 'pod install' or update your CocoaPods installation.\" >&2\n    exit 1\nfi\n# This output is used by Xcode 'outputs' to avoid re-running this script phase.\necho \"SUCCESS\" > \"${SCRIPT_OUTPUT_FILE_0}\"\n";
			showEnvVarsInLog = 0;
		};
		7F2F674246B382C45F62FBBB /* [CP] Embed Pods Frameworks */ = {
			isa = PBXShellScriptBuildPhase;
			buildActionMask = 2147483647;
			files = (
			);
			inputFileListPaths = (
				"${PODS_ROOT}/Target Support Files/Pods-RxRover/Pods-RxRover-frameworks-${CONFIGURATION}-input-files.xcfilelist",
			);
			name = "[CP] Embed Pods Frameworks";
			outputFileListPaths = (
				"${PODS_ROOT}/Target Support Files/Pods-RxRover/Pods-RxRover-frameworks-${CONFIGURATION}-output-files.xcfilelist",
			);
			runOnlyForDeploymentPostprocessing = 0;
			shellPath = /bin/sh;
			shellScript = "\"${PODS_ROOT}/Target Support Files/Pods-RxRover/Pods-RxRover-frameworks.sh\"\n";
			showEnvVarsInLog = 0;
		};
		B66E1D8C1C3CD421B6120605 /* [CP] Embed Pods Frameworks */ = {
			isa = PBXShellScriptBuildPhase;
			buildActionMask = 2147483647;
			files = (
			);
			inputFileListPaths = (
				"${PODS_ROOT}/Target Support Files/Pods-RxRoverTests/Pods-RxRoverTests-frameworks-${CONFIGURATION}-input-files.xcfilelist",
			);
			name = "[CP] Embed Pods Frameworks";
			outputFileListPaths = (
				"${PODS_ROOT}/Target Support Files/Pods-RxRoverTests/Pods-RxRoverTests-frameworks-${CONFIGURATION}-output-files.xcfilelist",
			);
			runOnlyForDeploymentPostprocessing = 0;
			shellPath = /bin/sh;
			shellScript = "\"${PODS_ROOT}/Target Support Files/Pods-RxRoverTests/Pods-RxRoverTests-frameworks.sh\"\n";
			showEnvVarsInLog = 0;
		};
/* End PBXShellScriptBuildPhase section */

/* Begin PBXSourcesBuildPhase section */
		F3F5584325E9781800256AA6 /* Sources */ = {
			isa = PBXSourcesBuildPhase;
			buildActionMask = 2147483647;
			files = (
				F339F69725EAC55000BE0DD5 /* PhotoConnector.swift in Sources */,
				F3F5585525E9781800256AA6 /* RxRover.xcdatamodeld in Sources */,
				F3C707BE25ED1A760012D484 /* TabsConnector.swift in Sources */,
				F339F68A25EAC4D500BE0DD5 /* FavsViewController.swift in Sources */,
				F3C7077D25ECEF2D0012D484 /* URLComponents+QueryItems.swift in Sources */,
				F339F69225EAC53C00BE0DD5 /* FavsConnector.swift in Sources */,
				F3206B7C25ED31940051C31F /* UIImage+Color.swift in Sources */,
				F3C707AA25ED0C3B0012D484 /* PhotosCell.swift in Sources */,
				F3C707C625ED1AD80012D484 /* UITabBarItem+Chunky.swift in Sources */,
				F339F68225EAC4A400BE0DD5 /* FavsNavigtionConnector.swift in Sources */,
				F339F69D25EAC5D900BE0DD5 /* RoversViewController.swift in Sources */,
				F3C7077225ECEE7B0012D484 /* NetworkUtils.swift in Sources */,
				F3F5584B25E9781800256AA6 /* AppDelegate.swift in Sources */,
				F339F6A525EAC60500BE0DD5 /* RoversConnector.swift in Sources */,
				F392AA6825EAC215000BAA5D /* PhotosViewController.swift in Sources */,
				F3C7078E25ECF42E0012D484 /* Photo.swift in Sources */,
				F392AA6025EAC159000BAA5D /* PhotosNavigationConnector.swift in Sources */,
				F3206B7725ED31270051C31F /* UIView+AutoLayout.swift in Sources */,
				F339F67725EAC2C400BE0DD5 /* PhotoViewController.swift in Sources */,
				F3C707CB25ED1C8B0012D484 /* CustomGridLayout.swift in Sources */,
				F3C7078625ECF3680012D484 /* NetworkRequests.swift in Sources */,
				F3C7079325ECF4370012D484 /* Camera.swift in Sources */,
				F3C7076D25ECED540012D484 /* EndPoint.swift in Sources */,
				F3C707B225ED0D4A0012D484 /* ReuseableView.swift in Sources */,
				F3F5584D25E9781800256AA6 /* SceneDelegate.swift in Sources */,
				F392AA7025EAC25F000BAA5D /* PhotosConnector.swift in Sources */,
				F3C7079825ECF43E0012D484 /* Rover.swift in Sources */,
			);
			runOnlyForDeploymentPostprocessing = 0;
		};
		F3F5585C25E9781A00256AA6 /* Sources */ = {
			isa = PBXSourcesBuildPhase;
			buildActionMask = 2147483647;
			files = (
				F3F5586525E9781A00256AA6 /* RxRoverTests.swift in Sources */,
			);
			runOnlyForDeploymentPostprocessing = 0;
		};
		F3F5586725E9781A00256AA6 /* Sources */ = {
			isa = PBXSourcesBuildPhase;
			buildActionMask = 2147483647;
			files = (
				F3F5587025E9781A00256AA6 /* RxRoverUITests.swift in Sources */,
			);
			runOnlyForDeploymentPostprocessing = 0;
		};
/* End PBXSourcesBuildPhase section */

/* Begin PBXTargetDependency section */
		F3F5586225E9781A00256AA6 /* PBXTargetDependency */ = {
			isa = PBXTargetDependency;
			target = F3F5584625E9781800256AA6 /* RxRover */;
			targetProxy = F3F5586125E9781A00256AA6 /* PBXContainerItemProxy */;
		};
		F3F5586D25E9781A00256AA6 /* PBXTargetDependency */ = {
			isa = PBXTargetDependency;
			target = F3F5584625E9781800256AA6 /* RxRover */;
			targetProxy = F3F5586C25E9781A00256AA6 /* PBXContainerItemProxy */;
		};
/* End PBXTargetDependency section */

/* Begin PBXVariantGroup section */
		F3F5585825E9781A00256AA6 /* LaunchScreen.storyboard */ = {
			isa = PBXVariantGroup;
			children = (
				F3F5585925E9781A00256AA6 /* Base */,
			);
			name = LaunchScreen.storyboard;
			sourceTree = "<group>";
		};
/* End PBXVariantGroup section */

/* Begin XCBuildConfiguration section */
		F3F5587225E9781A00256AA6 /* Debug */ = {
			isa = XCBuildConfiguration;
			buildSettings = {
				ALWAYS_SEARCH_USER_PATHS = NO;
				CLANG_ANALYZER_NONNULL = YES;
				CLANG_ANALYZER_NUMBER_OBJECT_CONVERSION = YES_AGGRESSIVE;
				CLANG_CXX_LANGUAGE_STANDARD = "gnu++14";
				CLANG_CXX_LIBRARY = "libc++";
				CLANG_ENABLE_MODULES = YES;
				CLANG_ENABLE_OBJC_ARC = YES;
				CLANG_ENABLE_OBJC_WEAK = YES;
				CLANG_WARN_BLOCK_CAPTURE_AUTORELEASING = YES;
				CLANG_WARN_BOOL_CONVERSION = YES;
				CLANG_WARN_COMMA = YES;
				CLANG_WARN_CONSTANT_CONVERSION = YES;
				CLANG_WARN_DEPRECATED_OBJC_IMPLEMENTATIONS = YES;
				CLANG_WARN_DIRECT_OBJC_ISA_USAGE = YES_ERROR;
				CLANG_WARN_DOCUMENTATION_COMMENTS = YES;
				CLANG_WARN_EMPTY_BODY = YES;
				CLANG_WARN_ENUM_CONVERSION = YES;
				CLANG_WARN_INFINITE_RECURSION = YES;
				CLANG_WARN_INT_CONVERSION = YES;
				CLANG_WARN_NON_LITERAL_NULL_CONVERSION = YES;
				CLANG_WARN_OBJC_IMPLICIT_RETAIN_SELF = YES;
				CLANG_WARN_OBJC_LITERAL_CONVERSION = YES;
				CLANG_WARN_OBJC_ROOT_CLASS = YES_ERROR;
				CLANG_WARN_QUOTED_INCLUDE_IN_FRAMEWORK_HEADER = YES;
				CLANG_WARN_RANGE_LOOP_ANALYSIS = YES;
				CLANG_WARN_STRICT_PROTOTYPES = YES;
				CLANG_WARN_SUSPICIOUS_MOVE = YES;
				CLANG_WARN_UNGUARDED_AVAILABILITY = YES_AGGRESSIVE;
				CLANG_WARN_UNREACHABLE_CODE = YES;
				CLANG_WARN__DUPLICATE_METHOD_MATCH = YES;
				COPY_PHASE_STRIP = NO;
				DEBUG_INFORMATION_FORMAT = dwarf;
				ENABLE_STRICT_OBJC_MSGSEND = YES;
				ENABLE_TESTABILITY = YES;
				GCC_C_LANGUAGE_STANDARD = gnu11;
				GCC_DYNAMIC_NO_PIC = NO;
				GCC_NO_COMMON_BLOCKS = YES;
				GCC_OPTIMIZATION_LEVEL = 0;
				GCC_PREPROCESSOR_DEFINITIONS = (
					"DEBUG=1",
					"$(inherited)",
				);
				GCC_WARN_64_TO_32_BIT_CONVERSION = YES;
				GCC_WARN_ABOUT_RETURN_TYPE = YES_ERROR;
				GCC_WARN_UNDECLARED_SELECTOR = YES;
				GCC_WARN_UNINITIALIZED_AUTOS = YES_AGGRESSIVE;
				GCC_WARN_UNUSED_FUNCTION = YES;
				GCC_WARN_UNUSED_VARIABLE = YES;
				IPHONEOS_DEPLOYMENT_TARGET = 14.4;
				MTL_ENABLE_DEBUG_INFO = INCLUDE_SOURCE;
				MTL_FAST_MATH = YES;
				ONLY_ACTIVE_ARCH = YES;
				SDKROOT = iphoneos;
				SWIFT_ACTIVE_COMPILATION_CONDITIONS = DEBUG;
				SWIFT_OPTIMIZATION_LEVEL = "-Onone";
			};
			name = Debug;
		};
		F3F5587325E9781A00256AA6 /* Release */ = {
			isa = XCBuildConfiguration;
			buildSettings = {
				ALWAYS_SEARCH_USER_PATHS = NO;
				CLANG_ANALYZER_NONNULL = YES;
				CLANG_ANALYZER_NUMBER_OBJECT_CONVERSION = YES_AGGRESSIVE;
				CLANG_CXX_LANGUAGE_STANDARD = "gnu++14";
				CLANG_CXX_LIBRARY = "libc++";
				CLANG_ENABLE_MODULES = YES;
				CLANG_ENABLE_OBJC_ARC = YES;
				CLANG_ENABLE_OBJC_WEAK = YES;
				CLANG_WARN_BLOCK_CAPTURE_AUTORELEASING = YES;
				CLANG_WARN_BOOL_CONVERSION = YES;
				CLANG_WARN_COMMA = YES;
				CLANG_WARN_CONSTANT_CONVERSION = YES;
				CLANG_WARN_DEPRECATED_OBJC_IMPLEMENTATIONS = YES;
				CLANG_WARN_DIRECT_OBJC_ISA_USAGE = YES_ERROR;
				CLANG_WARN_DOCUMENTATION_COMMENTS = YES;
				CLANG_WARN_EMPTY_BODY = YES;
				CLANG_WARN_ENUM_CONVERSION = YES;
				CLANG_WARN_INFINITE_RECURSION = YES;
				CLANG_WARN_INT_CONVERSION = YES;
				CLANG_WARN_NON_LITERAL_NULL_CONVERSION = YES;
				CLANG_WARN_OBJC_IMPLICIT_RETAIN_SELF = YES;
				CLANG_WARN_OBJC_LITERAL_CONVERSION = YES;
				CLANG_WARN_OBJC_ROOT_CLASS = YES_ERROR;
				CLANG_WARN_QUOTED_INCLUDE_IN_FRAMEWORK_HEADER = YES;
				CLANG_WARN_RANGE_LOOP_ANALYSIS = YES;
				CLANG_WARN_STRICT_PROTOTYPES = YES;
				CLANG_WARN_SUSPICIOUS_MOVE = YES;
				CLANG_WARN_UNGUARDED_AVAILABILITY = YES_AGGRESSIVE;
				CLANG_WARN_UNREACHABLE_CODE = YES;
				CLANG_WARN__DUPLICATE_METHOD_MATCH = YES;
				COPY_PHASE_STRIP = NO;
				DEBUG_INFORMATION_FORMAT = "dwarf-with-dsym";
				ENABLE_NS_ASSERTIONS = NO;
				ENABLE_STRICT_OBJC_MSGSEND = YES;
				GCC_C_LANGUAGE_STANDARD = gnu11;
				GCC_NO_COMMON_BLOCKS = YES;
				GCC_WARN_64_TO_32_BIT_CONVERSION = YES;
				GCC_WARN_ABOUT_RETURN_TYPE = YES_ERROR;
				GCC_WARN_UNDECLARED_SELECTOR = YES;
				GCC_WARN_UNINITIALIZED_AUTOS = YES_AGGRESSIVE;
				GCC_WARN_UNUSED_FUNCTION = YES;
				GCC_WARN_UNUSED_VARIABLE = YES;
				IPHONEOS_DEPLOYMENT_TARGET = 14.4;
				MTL_ENABLE_DEBUG_INFO = NO;
				MTL_FAST_MATH = YES;
				SDKROOT = iphoneos;
				SWIFT_COMPILATION_MODE = wholemodule;
				SWIFT_OPTIMIZATION_LEVEL = "-O";
				VALIDATE_PRODUCT = YES;
			};
			name = Release;
		};
		F3F5587525E9781A00256AA6 /* Debug */ = {
			isa = XCBuildConfiguration;
			baseConfigurationReference = 0CC08E32F568D712D105EE43 /* Pods-RxRover.debug.xcconfig */;
			buildSettings = {
				ASSETCATALOG_COMPILER_APPICON_NAME = AppIcon;
				ASSETCATALOG_COMPILER_GLOBAL_ACCENT_COLOR_NAME = AccentColor;
				CODE_SIGN_STYLE = Automatic;
				DEVELOPMENT_TEAM = 9ZR496RB3Q;
				INFOPLIST_FILE = RxRover/Resources/Info.plist;
				LD_RUNPATH_SEARCH_PATHS = (
					"$(inherited)",
					"@executable_path/Frameworks",
				);
				PRODUCT_BUNDLE_IDENTIFIER = com.madebyhive.RxRover;
				PRODUCT_NAME = "$(TARGET_NAME)";
				SWIFT_VERSION = 5.0;
				TARGETED_DEVICE_FAMILY = "1,2";
			};
			name = Debug;
		};
		F3F5587625E9781A00256AA6 /* Release */ = {
			isa = XCBuildConfiguration;
			baseConfigurationReference = EFF0EEB227FF0529B8EFEB42 /* Pods-RxRover.release.xcconfig */;
			buildSettings = {
				ASSETCATALOG_COMPILER_APPICON_NAME = AppIcon;
				ASSETCATALOG_COMPILER_GLOBAL_ACCENT_COLOR_NAME = AccentColor;
				CODE_SIGN_STYLE = Automatic;
				DEVELOPMENT_TEAM = 9ZR496RB3Q;
				INFOPLIST_FILE = RxRover/Resources/Info.plist;
				LD_RUNPATH_SEARCH_PATHS = (
					"$(inherited)",
					"@executable_path/Frameworks",
				);
				PRODUCT_BUNDLE_IDENTIFIER = com.madebyhive.RxRover;
				PRODUCT_NAME = "$(TARGET_NAME)";
				SWIFT_VERSION = 5.0;
				TARGETED_DEVICE_FAMILY = "1,2";
			};
			name = Release;
		};
		F3F5587825E9781A00256AA6 /* Debug */ = {
			isa = XCBuildConfiguration;
			baseConfigurationReference = FAE931DEEE5295270975E11F /* Pods-RxRoverTests.debug.xcconfig */;
			buildSettings = {
				ALWAYS_EMBED_SWIFT_STANDARD_LIBRARIES = YES;
				BUNDLE_LOADER = "$(TEST_HOST)";
				CODE_SIGN_STYLE = Automatic;
				DEVELOPMENT_TEAM = 9ZR496RB3Q;
				INFOPLIST_FILE = RxRoverTests/Info.plist;
				IPHONEOS_DEPLOYMENT_TARGET = 14.4;
				LD_RUNPATH_SEARCH_PATHS = (
					"$(inherited)",
					"@executable_path/Frameworks",
					"@loader_path/Frameworks",
				);
				PRODUCT_BUNDLE_IDENTIFIER = com.madebyhive.RxRoverTests;
				PRODUCT_NAME = "$(TARGET_NAME)";
				SWIFT_VERSION = 5.0;
				TARGETED_DEVICE_FAMILY = "1,2";
				TEST_HOST = "$(BUILT_PRODUCTS_DIR)/RxRover.app/RxRover";
			};
			name = Debug;
		};
		F3F5587925E9781A00256AA6 /* Release */ = {
			isa = XCBuildConfiguration;
			baseConfigurationReference = 27E22C8218D314E0B8BB61D0 /* Pods-RxRoverTests.release.xcconfig */;
			buildSettings = {
				ALWAYS_EMBED_SWIFT_STANDARD_LIBRARIES = YES;
				BUNDLE_LOADER = "$(TEST_HOST)";
				CODE_SIGN_STYLE = Automatic;
				DEVELOPMENT_TEAM = 9ZR496RB3Q;
				INFOPLIST_FILE = RxRoverTests/Info.plist;
				IPHONEOS_DEPLOYMENT_TARGET = 14.4;
				LD_RUNPATH_SEARCH_PATHS = (
					"$(inherited)",
					"@executable_path/Frameworks",
					"@loader_path/Frameworks",
				);
				PRODUCT_BUNDLE_IDENTIFIER = com.madebyhive.RxRoverTests;
				PRODUCT_NAME = "$(TARGET_NAME)";
				SWIFT_VERSION = 5.0;
				TARGETED_DEVICE_FAMILY = "1,2";
				TEST_HOST = "$(BUILT_PRODUCTS_DIR)/RxRover.app/RxRover";
			};
			name = Release;
		};
		F3F5587B25E9781A00256AA6 /* Debug */ = {
			isa = XCBuildConfiguration;
			buildSettings = {
				ALWAYS_EMBED_SWIFT_STANDARD_LIBRARIES = YES;
				CODE_SIGN_STYLE = Automatic;
				DEVELOPMENT_TEAM = 9ZR496RB3Q;
				INFOPLIST_FILE = RxRoverUITests/Info.plist;
				LD_RUNPATH_SEARCH_PATHS = (
					"$(inherited)",
					"@executable_path/Frameworks",
					"@loader_path/Frameworks",
				);
				PRODUCT_BUNDLE_IDENTIFIER = com.madebyhive.RxRoverUITests;
				PRODUCT_NAME = "$(TARGET_NAME)";
				SWIFT_VERSION = 5.0;
				TARGETED_DEVICE_FAMILY = "1,2";
				TEST_TARGET_NAME = RxRover;
			};
			name = Debug;
		};
		F3F5587C25E9781A00256AA6 /* Release */ = {
			isa = XCBuildConfiguration;
			buildSettings = {
				ALWAYS_EMBED_SWIFT_STANDARD_LIBRARIES = YES;
				CODE_SIGN_STYLE = Automatic;
				DEVELOPMENT_TEAM = 9ZR496RB3Q;
				INFOPLIST_FILE = RxRoverUITests/Info.plist;
				LD_RUNPATH_SEARCH_PATHS = (
					"$(inherited)",
					"@executable_path/Frameworks",
					"@loader_path/Frameworks",
				);
				PRODUCT_BUNDLE_IDENTIFIER = com.madebyhive.RxRoverUITests;
				PRODUCT_NAME = "$(TARGET_NAME)";
				SWIFT_VERSION = 5.0;
				TARGETED_DEVICE_FAMILY = "1,2";
				TEST_TARGET_NAME = RxRover;
			};
			name = Release;
		};
/* End XCBuildConfiguration section */

/* Begin XCConfigurationList section */
		F3F5584225E9781800256AA6 /* Build configuration list for PBXProject "RxRover" */ = {
			isa = XCConfigurationList;
			buildConfigurations = (
				F3F5587225E9781A00256AA6 /* Debug */,
				F3F5587325E9781A00256AA6 /* Release */,
			);
			defaultConfigurationIsVisible = 0;
			defaultConfigurationName = Release;
		};
		F3F5587425E9781A00256AA6 /* Build configuration list for PBXNativeTarget "RxRover" */ = {
			isa = XCConfigurationList;
			buildConfigurations = (
				F3F5587525E9781A00256AA6 /* Debug */,
				F3F5587625E9781A00256AA6 /* Release */,
			);
			defaultConfigurationIsVisible = 0;
			defaultConfigurationName = Release;
		};
		F3F5587725E9781A00256AA6 /* Build configuration list for PBXNativeTarget "RxRoverTests" */ = {
			isa = XCConfigurationList;
			buildConfigurations = (
				F3F5587825E9781A00256AA6 /* Debug */,
				F3F5587925E9781A00256AA6 /* Release */,
			);
			defaultConfigurationIsVisible = 0;
			defaultConfigurationName = Release;
		};
		F3F5587A25E9781A00256AA6 /* Build configuration list for PBXNativeTarget "RxRoverUITests" */ = {
			isa = XCConfigurationList;
			buildConfigurations = (
				F3F5587B25E9781A00256AA6 /* Debug */,
				F3F5587C25E9781A00256AA6 /* Release */,
			);
			defaultConfigurationIsVisible = 0;
			defaultConfigurationName = Release;
		};
/* End XCConfigurationList section */

/* Begin XCVersionGroup section */
		F3F5585325E9781800256AA6 /* RxRover.xcdatamodeld */ = {
			isa = XCVersionGroup;
			children = (
				F3F5585425E9781800256AA6 /* RxRover.xcdatamodel */,
			);
			currentVersion = F3F5585425E9781800256AA6 /* RxRover.xcdatamodel */;
			path = RxRover.xcdatamodeld;
			sourceTree = "<group>";
			versionGroupType = wrapper.xcdatamodel;
		};
/* End XCVersionGroup section */
	};
	rootObject = F3F5583F25E9781800256AA6 /* Project object */;
}
